
Microsoft Visual Studio Solution File, Format Version 12.00
# Visual Studio Version 16
VisualStudioVersion = 16.0.35229.62
MinimumVisualStudioVersion = 10.0.40219.1
Project("{FAE04EC0-301F-11D3-BF4B-00C04F79EFBC}") = "XYZ_University", "XYZ_University\XYZ_University.csproj", "{833399A9-131B-4720-99FF-27776922C27B}"
EndProject
Global
	GlobalSection(SolutionConfigurationPlatforms) = preSolution
		Debug|Any CPU = Debug|Any CPU
		Release|Any CPU = Release|Any CPU
	EndGlobalSection
	GlobalSection(ProjectConfigurationPlatforms) = postSolution
		{833399A9-131B-4720-99FF-27776922C27B}.Debug|Any CPU.ActiveCfg = Debug|Any CPU
		{833399A9-131B-4720-99FF-27776922C27B}.Debug|Any CPU.Build.0 = Debug|Any CPU
		{833399A9-131B-4720-99FF-27776922C27B}.Release|Any CPU.ActiveCfg = Release|Any CPU
		{833399A9-131B-4720-99FF-27776922C27B}.Release|Any CPU.Build.0 = Release|Any CPU
	EndGlobalSection
	GlobalSection(SolutionProperties) = preSolution
		HideSolutionNode = FALSE
	EndGlobalSection
	GlobalSection(ExtensibilityGlobals) = postSolution
		SolutionGuid = {9DB37973-E176-403B-9FCB-A38AEB95DDF1}
	EndGlobalSection
EndGlobal
